
Microsoft Visual Studio Solution File, Format Version 12.00
# Visual Studio 2013
VisualStudioVersion = 12.0.21005.1
MinimumVisualStudioVersion = 10.0.40219.1
Project("{6141683F-8A12-4E36-9623-2EB02B2C2303}") = "InstallSimTF", "InstallSimTF\InstallSimTF.isproj", "{3CE32A79-194A-40F7-8898-766E79E0FDF3}"
	ProjectSection(ProjectDependencies) = postProject
		{09A96928-C235-4A4C-94EE-CB30F76049FE} = {09A96928-C235-4A4C-94EE-CB30F76049FE}
	EndProjectSection
EndProject
Project("{FAE04EC0-301F-11D3-BF4B-00C04F79EFBC}") = "SimTF", "..\SimTF\SimTF.csproj", "{09A96928-C235-4A4C-94EE-CB30F76049FE}"
EndProject
Project("{FAE04EC0-301F-11D3-BF4B-00C04F79EFBC}") = "SetCodeAccesSecurity", "..\SetCodeAccesSecurity\SetCodeAccesSecurity.csproj", "{1347FDE2-9955-4C0E-837D-217768FFECA4}"
EndProject
Project("{FAE04EC0-301F-11D3-BF4B-00C04F79EFBC}") = "SimTFTestUnit", "..\SimTFTestUnit\SimTFTestUnit.csproj", "{0C48E672-B5E6-4C4C-A81B-2B7D560FA9C6}"
EndProject
Project("{FAE04EC0-301F-11D3-BF4B-00C04F79EFBC}") = "ConsoleTest", "ConsoleTest\ConsoleTest.csproj", "{B0C57765-9C30-4CF4-8F6A-F6B3559A3F04}"
EndProject
Global
	GlobalSection(SolutionConfigurationPlatforms) = preSolution
		CD_ROM|Any CPU = CD_ROM|Any CPU
		CD_ROM|Mixed Platforms = CD_ROM|Mixed Platforms
		CD_ROM|x64 = CD_ROM|x64
		Debug|Any CPU = Debug|Any CPU
		Debug|Mixed Platforms = Debug|Mixed Platforms
		Debug|x64 = Debug|x64
		DVD-5|Any CPU = DVD-5|Any CPU
		DVD-5|Mixed Platforms = DVD-5|Mixed Platforms
		DVD-5|x64 = DVD-5|x64
		Release|Any CPU = Release|Any CPU
		Release|Mixed Platforms = Release|Mixed Platforms
		Release|x64 = Release|x64
		SingleImage|Any CPU = SingleImage|Any CPU
		SingleImage|Mixed Platforms = SingleImage|Mixed Platforms
		SingleImage|x64 = SingleImage|x64
	EndGlobalSection
	GlobalSection(ProjectConfigurationPlatforms) = postSolution
		{3CE32A79-194A-40F7-8898-766E79E0FDF3}.CD_ROM|Any CPU.ActiveCfg = CD_ROM
		{3CE32A79-194A-40F7-8898-766E79E0FDF3}.CD_ROM|Any CPU.Build.0 = CD_ROM
		{3CE32A79-194A-40F7-8898-766E79E0FDF3}.CD_ROM|Mixed Platforms.ActiveCfg = CD_ROM
		{3CE32A79-194A-40F7-8898-766E79E0FDF3}.CD_ROM|Mixed Platforms.Build.0 = CD_ROM
		{3CE32A79-194A-40F7-8898-766E79E0FDF3}.CD_ROM|x64.ActiveCfg = SingleImage
		{3CE32A79-194A-40F7-8898-766E79E0FDF3}.CD_ROM|x64.Build.0 = SingleImage
		{3CE32A79-194A-40F7-8898-766E79E0FDF3}.CD_ROM|x64.Deploy.0 = SingleImage
		{3CE32A79-194A-40F7-8898-766E79E0FDF3}.Debug|Any CPU.ActiveCfg = DVD-5
		{3CE32A79-194A-40F7-8898-766E79E0FDF3}.Debug|Any CPU.Build.0 = DVD-5
		{3CE32A79-194A-40F7-8898-766E79E0FDF3}.Debug|Mixed Platforms.ActiveCfg = DVD-5
		{3CE32A79-194A-40F7-8898-766E79E0FDF3}.Debug|Mixed Platforms.Build.0 = DVD-5
		{3CE32A79-194A-40F7-8898-766E79E0FDF3}.Debug|x64.ActiveCfg = DVD-5
		{3CE32A79-194A-40F7-8898-766E79E0FDF3}.Debug|x64.Build.0 = DVD-5
		{3CE32A79-194A-40F7-8898-766E79E0FDF3}.DVD-5|Any CPU.ActiveCfg = DVD-5
		{3CE32A79-194A-40F7-8898-766E79E0FDF3}.DVD-5|Any CPU.Build.0 = DVD-5
		{3CE32A79-194A-40F7-8898-766E79E0FDF3}.DVD-5|Mixed Platforms.ActiveCfg = DVD-5
		{3CE32A79-194A-40F7-8898-766E79E0FDF3}.DVD-5|Mixed Platforms.Build.0 = DVD-5
		{3CE32A79-194A-40F7-8898-766E79E0FDF3}.DVD-5|x64.ActiveCfg = DVD-5
		{3CE32A79-194A-40F7-8898-766E79E0FDF3}.DVD-5|x64.Build.0 = DVD-5
		{3CE32A79-194A-40F7-8898-766E79E0FDF3}.Release|Any CPU.ActiveCfg = SingleImage
		{3CE32A79-194A-40F7-8898-766E79E0FDF3}.Release|Any CPU.Build.0 = SingleImage
		{3CE32A79-194A-40F7-8898-766E79E0FDF3}.Release|Mixed Platforms.ActiveCfg = DVD-5
		{3CE32A79-194A-40F7-8898-766E79E0FDF3}.Release|Mixed Platforms.Build.0 = DVD-5
		{3CE32A79-194A-40F7-8898-766E79E0FDF3}.Release|x64.ActiveCfg = SingleImage
		{3CE32A79-194A-40F7-8898-766E79E0FDF3}.Release|x64.Build.0 = SingleImage
		{3CE32A79-194A-40F7-8898-766E79E0FDF3}.Release|x64.Deploy.0 = SingleImage
		{3CE32A79-194A-40F7-8898-766E79E0FDF3}.SingleImage|Any CPU.ActiveCfg = SingleImage
		{3CE32A79-194A-40F7-8898-766E79E0FDF3}.SingleImage|Any CPU.Build.0 = SingleImage
		{3CE32A79-194A-40F7-8898-766E79E0FDF3}.SingleImage|Mixed Platforms.ActiveCfg = SingleImage
		{3CE32A79-194A-40F7-8898-766E79E0FDF3}.SingleImage|Mixed Platforms.Build.0 = SingleImage
		{3CE32A79-194A-40F7-8898-766E79E0FDF3}.SingleImage|x64.ActiveCfg = SingleImage
		{3CE32A79-194A-40F7-8898-766E79E0FDF3}.SingleImage|x64.Build.0 = SingleImage
		{09A96928-C235-4A4C-94EE-CB30F76049FE}.CD_ROM|Any CPU.ActiveCfg = Release|Any CPU
		{09A96928-C235-4A4C-94EE-CB30F76049FE}.CD_ROM|Any CPU.Build.0 = Release|Any CPU
		{09A96928-C235-4A4C-94EE-CB30F76049FE}.CD_ROM|Mixed Platforms.ActiveCfg = Debug|Any CPU
		{09A96928-C235-4A4C-94EE-CB30F76049FE}.CD_ROM|Mixed Platforms.Build.0 = Debug|Any CPU
		{09A96928-C235-4A4C-94EE-CB30F76049FE}.CD_ROM|x64.ActiveCfg = Release|x64
		{09A96928-C235-4A4C-94EE-CB30F76049FE}.CD_ROM|x64.Build.0 = Release|x64
		{09A96928-C235-4A4C-94EE-CB30F76049FE}.Debug|Any CPU.ActiveCfg = Debug|Any CPU
		{09A96928-C235-4A4C-94EE-CB30F76049FE}.Debug|Any CPU.Build.0 = Debug|Any CPU
		{09A96928-C235-4A4C-94EE-CB30F76049FE}.Debug|Mixed Platforms.ActiveCfg = Debug|Any CPU
		{09A96928-C235-4A4C-94EE-CB30F76049FE}.Debug|Mixed Platforms.Build.0 = Debug|Any CPU
		{09A96928-C235-4A4C-94EE-CB30F76049FE}.Debug|x64.ActiveCfg = Debug|x64
		{09A96928-C235-4A4C-94EE-CB30F76049FE}.Debug|x64.Build.0 = Debug|x64
		{09A96928-C235-4A4C-94EE-CB30F76049FE}.DVD-5|Any CPU.ActiveCfg = Debug|Any CPU
		{09A96928-C235-4A4C-94EE-CB30F76049FE}.DVD-5|Any CPU.Build.0 = Debug|Any CPU
		{09A96928-C235-4A4C-94EE-CB30F76049FE}.DVD-5|Mixed Platforms.ActiveCfg = Debug|Any CPU
		{09A96928-C235-4A4C-94EE-CB30F76049FE}.DVD-5|Mixed Platforms.Build.0 = Debug|Any CPU
		{09A96928-C235-4A4C-94EE-CB30F76049FE}.DVD-5|x64.ActiveCfg = Debug|x64
		{09A96928-C235-4A4C-94EE-CB30F76049FE}.DVD-5|x64.Build.0 = Debug|x64
		{09A96928-C235-4A4C-94EE-CB30F76049FE}.Release|Any CPU.ActiveCfg = Release|Any CPU
		{09A96928-C235-4A4C-94EE-CB30F76049FE}.Release|Any CPU.Build.0 = Release|Any CPU
		{09A96928-C235-4A4C-94EE-CB30F76049FE}.Release|Mixed Platforms.ActiveCfg = Release|Any CPU
		{09A96928-C235-4A4C-94EE-CB30F76049FE}.Release|Mixed Platforms.Build.0 = Release|Any CPU
		{09A96928-C235-4A4C-94EE-CB30F76049FE}.Release|x64.ActiveCfg = Release|x64
		{09A96928-C235-4A4C-94EE-CB30F76049FE}.Release|x64.Build.0 = Release|x64
		{09A96928-C235-4A4C-94EE-CB30F76049FE}.SingleImage|Any CPU.ActiveCfg = Release|Any CPU
		{09A96928-C235-4A4C-94EE-CB30F76049FE}.SingleImage|Any CPU.Build.0 = Release|Any CPU
		{09A96928-C235-4A4C-94EE-CB30F76049FE}.SingleImage|Mixed Platforms.ActiveCfg = Debug|Any CPU
		{09A96928-C235-4A4C-94EE-CB30F76049FE}.SingleImage|Mixed Platforms.Build.0 = Debug|Any CPU
		{09A96928-C235-4A4C-94EE-CB30F76049FE}.SingleImage|x64.ActiveCfg = Release|x64
		{09A96928-C235-4A4C-94EE-CB30F76049FE}.SingleImage|x64.Build.0 = Release|x64
		{1347FDE2-9955-4C0E-837D-217768FFECA4}.CD_ROM|Any CPU.ActiveCfg = Release|Any CPU
		{1347FDE2-9955-4C0E-837D-217768FFECA4}.CD_ROM|Any CPU.Build.0 = Release|Any CPU
		{1347FDE2-9955-4C0E-837D-217768FFECA4}.CD_ROM|Mixed Platforms.ActiveCfg = Release|Any CPU
		{1347FDE2-9955-4C0E-837D-217768FFECA4}.CD_ROM|Mixed Platforms.Build.0 = Release|Any CPU
		{1347FDE2-9955-4C0E-837D-217768FFECA4}.CD_ROM|x64.ActiveCfg = Release|Any CPU
		{1347FDE2-9955-4C0E-837D-217768FFECA4}.Debug|Any CPU.ActiveCfg = Debug|Any CPU
		{1347FDE2-9955-4C0E-837D-217768FFECA4}.Debug|Any CPU.Build.0 = Debug|Any CPU
		{1347FDE2-9955-4C0E-837D-217768FFECA4}.Debug|Mixed Platforms.ActiveCfg = Debug|Any CPU
		{1347FDE2-9955-4C0E-837D-217768FFECA4}.Debug|Mixed Platforms.Build.0 = Debug|Any CPU
		{1347FDE2-9955-4C0E-837D-217768FFECA4}.Debug|x64.ActiveCfg = Debug|Any CPU
		{1347FDE2-9955-4C0E-837D-217768FFECA4}.DVD-5|Any CPU.ActiveCfg = Debug|Any CPU
		{1347FDE2-9955-4C0E-837D-217768FFECA4}.DVD-5|Any CPU.Build.0 = Debug|Any CPU
		{1347FDE2-9955-4C0E-837D-217768FFECA4}.DVD-5|Mixed Platforms.ActiveCfg = Debug|Any CPU
		{1347FDE2-9955-4C0E-837D-217768FFECA4}.DVD-5|Mixed Platforms.Build.0 = Debug|Any CPU
		{1347FDE2-9955-4C0E-837D-217768FFECA4}.DVD-5|x64.ActiveCfg = Debug|Any CPU
		{1347FDE2-9955-4C0E-837D-217768FFECA4}.Release|Any CPU.ActiveCfg = Release|Any CPU
		{1347FDE2-9955-4C0E-837D-217768FFECA4}.Release|Any CPU.Build.0 = Release|Any CPU
		{1347FDE2-9955-4C0E-837D-217768FFECA4}.Release|Mixed Platforms.ActiveCfg = Release|Any CPU
		{1347FDE2-9955-4C0E-837D-217768FFECA4}.Release|Mixed Platforms.Build.0 = Release|Any CPU
		{1347FDE2-9955-4C0E-837D-217768FFECA4}.Release|x64.ActiveCfg = Release|Any CPU
		{1347FDE2-9955-4C0E-837D-217768FFECA4}.SingleImage|Any CPU.ActiveCfg = Release|Any CPU
		{1347FDE2-9955-4C0E-837D-217768FFECA4}.SingleImage|Any CPU.Build.0 = Release|Any CPU
		{1347FDE2-9955-4C0E-837D-217768FFECA4}.SingleImage|Mixed Platforms.ActiveCfg = Release|Any CPU
		{1347FDE2-9955-4C0E-837D-217768FFECA4}.SingleImage|Mixed Platforms.Build.0 = Release|Any CPU
		{1347FDE2-9955-4C0E-837D-217768FFECA4}.SingleImage|x64.ActiveCfg = Release|Any CPU
		{0C48E672-B5E6-4C4C-A81B-2B7D560FA9C6}.CD_ROM|Any CPU.ActiveCfg = Release|Any CPU
		{0C48E672-B5E6-4C4C-A81B-2B7D560FA9C6}.CD_ROM|Any CPU.Build.0 = Release|Any CPU
		{0C48E672-B5E6-4C4C-A81B-2B7D560FA9C6}.CD_ROM|Mixed Platforms.ActiveCfg = Release|Any CPU
		{0C48E672-B5E6-4C4C-A81B-2B7D560FA9C6}.CD_ROM|Mixed Platforms.Build.0 = Release|Any CPU
		{0C48E672-B5E6-4C4C-A81B-2B7D560FA9C6}.CD_ROM|x64.ActiveCfg = Release|Any CPU
		{0C48E672-B5E6-4C4C-A81B-2B7D560FA9C6}.Debug|Any CPU.ActiveCfg = Debug|Any CPU
		{0C48E672-B5E6-4C4C-A81B-2B7D560FA9C6}.Debug|Any CPU.Build.0 = Debug|Any CPU
		{0C48E672-B5E6-4C4C-A81B-2B7D560FA9C6}.Debug|Mixed Platforms.ActiveCfg = Debug|Any CPU
		{0C48E672-B5E6-4C4C-A81B-2B7D560FA9C6}.Debug|Mixed Platforms.Build.0 = Debug|Any CPU
		{0C48E672-B5E6-4C4C-A81B-2B7D560FA9C6}.Debug|x64.ActiveCfg = Debug|Any CPU
		{0C48E672-B5E6-4C4C-A81B-2B7D560FA9C6}.DVD-5|Any CPU.ActiveCfg = Debug|Any CPU
		{0C48E672-B5E6-4C4C-A81B-2B7D560FA9C6}.DVD-5|Any CPU.Build.0 = Debug|Any CPU
		{0C48E672-B5E6-4C4C-A81B-2B7D560FA9C6}.DVD-5|Mixed Platforms.ActiveCfg = Debug|Any CPU
		{0C48E672-B5E6-4C4C-A81B-2B7D560FA9C6}.DVD-5|Mixed Platforms.Build.0 = Debug|Any CPU
		{0C48E672-B5E6-4C4C-A81B-2B7D560FA9C6}.DVD-5|x64.ActiveCfg = Debug|Any CPU
		{0C48E672-B5E6-4C4C-A81B-2B7D560FA9C6}.Release|Any CPU.ActiveCfg = Release|Any CPU
		{0C48E672-B5E6-4C4C-A81B-2B7D560FA9C6}.Release|Any CPU.Build.0 = Release|Any CPU
		{0C48E672-B5E6-4C4C-A81B-2B7D560FA9C6}.Release|Mixed Platforms.ActiveCfg = Release|Any CPU
		{0C48E672-B5E6-4C4C-A81B-2B7D560FA9C6}.Release|Mixed Platforms.Build.0 = Release|Any CPU
		{0C48E672-B5E6-4C4C-A81B-2B7D560FA9C6}.Release|x64.ActiveCfg = Release|Any CPU
		{0C48E672-B5E6-4C4C-A81B-2B7D560FA9C6}.SingleImage|Any CPU.ActiveCfg = Release|Any CPU
		{0C48E672-B5E6-4C4C-A81B-2B7D560FA9C6}.SingleImage|Any CPU.Build.0 = Release|Any CPU
		{0C48E672-B5E6-4C4C-A81B-2B7D560FA9C6}.SingleImage|Mixed Platforms.ActiveCfg = Release|Any CPU
		{0C48E672-B5E6-4C4C-A81B-2B7D560FA9C6}.SingleImage|Mixed Platforms.Build.0 = Release|Any CPU
		{0C48E672-B5E6-4C4C-A81B-2B7D560FA9C6}.SingleImage|x64.ActiveCfg = Release|Any CPU
		{B0C57765-9C30-4CF4-8F6A-F6B3559A3F04}.CD_ROM|Any CPU.ActiveCfg = Release|Any CPU
		{B0C57765-9C30-4CF4-8F6A-F6B3559A3F04}.CD_ROM|Any CPU.Build.0 = Release|Any CPU
		{B0C57765-9C30-4CF4-8F6A-F6B3559A3F04}.CD_ROM|Mixed Platforms.ActiveCfg = Release|Any CPU
		{B0C57765-9C30-4CF4-8F6A-F6B3559A3F04}.CD_ROM|Mixed Platforms.Build.0 = Release|Any CPU
		{B0C57765-9C30-4CF4-8F6A-F6B3559A3F04}.CD_ROM|x64.ActiveCfg = Release|Any CPU
		{B0C57765-9C30-4CF4-8F6A-F6B3559A3F04}.Debug|Any CPU.ActiveCfg = Debug|Any CPU
		{B0C57765-9C30-4CF4-8F6A-F6B3559A3F04}.Debug|Any CPU.Build.0 = Debug|Any CPU
		{B0C57765-9C30-4CF4-8F6A-F6B3559A3F04}.Debug|Mixed Platforms.ActiveCfg = Debug|Any CPU
		{B0C57765-9C30-4CF4-8F6A-F6B3559A3F04}.Debug|Mixed Platforms.Build.0 = Debug|Any CPU
		{B0C57765-9C30-4CF4-8F6A-F6B3559A3F04}.Debug|x64.ActiveCfg = Debug|Any CPU
		{B0C57765-9C30-4CF4-8F6A-F6B3559A3F04}.DVD-5|Any CPU.ActiveCfg = Debug|Any CPU
		{B0C57765-9C30-4CF4-8F6A-F6B3559A3F04}.DVD-5|Any CPU.Build.0 = Debug|Any CPU
		{B0C57765-9C30-4CF4-8F6A-F6B3559A3F04}.DVD-5|Mixed Platforms.ActiveCfg = Debug|Any CPU
		{B0C57765-9C30-4CF4-8F6A-F6B3559A3F04}.DVD-5|Mixed Platforms.Build.0 = Debug|Any CPU
		{B0C57765-9C30-4CF4-8F6A-F6B3559A3F04}.DVD-5|x64.ActiveCfg = Debug|Any CPU
		{B0C57765-9C30-4CF4-8F6A-F6B3559A3F04}.Release|Any CPU.ActiveCfg = Release|Any CPU
		{B0C57765-9C30-4CF4-8F6A-F6B3559A3F04}.Release|Any CPU.Build.0 = Release|Any CPU
		{B0C57765-9C30-4CF4-8F6A-F6B3559A3F04}.Release|Mixed Platforms.ActiveCfg = Release|Any CPU
		{B0C57765-9C30-4CF4-8F6A-F6B3559A3F04}.Release|Mixed Platforms.Build.0 = Release|Any CPU
		{B0C57765-9C30-4CF4-8F6A-F6B3559A3F04}.Release|x64.ActiveCfg = Release|Any CPU
		{B0C57765-9C30-4CF4-8F6A-F6B3559A3F04}.SingleImage|Any CPU.ActiveCfg = Release|Any CPU
		{B0C57765-9C30-4CF4-8F6A-F6B3559A3F04}.SingleImage|Any CPU.Build.0 = Release|Any CPU
		{B0C57765-9C30-4CF4-8F6A-F6B3559A3F04}.SingleImage|Mixed Platforms.ActiveCfg = Release|Any CPU
		{B0C57765-9C30-4CF4-8F6A-F6B3559A3F04}.SingleImage|Mixed Platforms.Build.0 = Release|Any CPU
		{B0C57765-9C30-4CF4-8F6A-F6B3559A3F04}.SingleImage|x64.ActiveCfg = Release|Any CPU
	EndGlobalSection
	GlobalSection(SolutionProperties) = preSolution
		HideSolutionNode = FALSE
	EndGlobalSection
EndGlobal
